{
  "name": "open-abap-ssh",
  "version": "1.0.0",
  "lockfileVersion": 2,
  "requires": true,
  "packages": {
    "": {
      "name": "open-abap-ssh",
      "version": "1.0.0",
      "license": "MIT",
      "dependencies": {
        "@abaplint/cli": "^2.93.47",
        "@abaplint/runtime": "^2.3.12",
        "@abaplint/transpiler-cli": "^2.3.12"
      }
    },
    "node_modules/@abaplint/cli": {
      "version": "2.93.47",
      "resolved": "https://registry.npmjs.org/@abaplint/cli/-/cli-2.93.47.tgz",
      "integrity": "sha512-0p9qFZV2kSIA8D8RN6Q3Zrd4Jqelhyi94aEwr8VKxx5frqcz41Q4BujyVXkP0rS61g1I1tagmc7OHU1ShgPknw==",
      "bin": {
        "abaplint": "abaplint"
      },
      "engines": {
        "node": ">=12.0.0"
      }
    },
    "node_modules/@abaplint/runtime": {
      "version": "2.3.12",
      "resolved": "https://registry.npmjs.org/@abaplint/runtime/-/runtime-2.3.12.tgz",
      "integrity": "sha512-KKBnufBO40mnx8OFyBq/qTL8T4i8xIymn7981S8vpO00w1C/gAzZWZdk2rUbrHdNe1ToYgq5I+mC1piXgd/pcg==",
      "dependencies": {
        "temporal-polyfill": "^0.0.8"
      }
    },
    "node_modules/@abaplint/transpiler-cli": {
      "version": "2.3.12",
      "resolved": "https://registry.npmjs.org/@abaplint/transpiler-cli/-/transpiler-cli-2.3.12.tgz",
      "integrity": "sha512-J2Gnd6uXJL778IrmWcvswDuruvhl5ZyrwhViXZ9O5JqkW/q8IIXtQ5hFAUutC7flugd+Ctnfwk/cp285ShtPhA==",
      "bin": {
        "abap_transpile": "abap_transpile"
      }
    },
    "node_modules/temporal-polyfill": {
      "version": "0.0.8",
      "resolved": "https://registry.npmjs.org/temporal-polyfill/-/temporal-polyfill-0.0.8.tgz",
      "integrity": "sha512-IuA8GhS1PRC04H/zVNAIxJvCZQum6V5HjqFj7gz1a3SMUf/Kf1xIXILNYtxrWYnGqIU/RrDRxlCKCm/vmqnBvw==",
      "dependencies": {
        "temporal-spec": "0.0.3"
      }
    },
    "node_modules/temporal-spec": {
      "version": "0.0.3",
      "resolved": "https://registry.npmjs.org/temporal-spec/-/temporal-spec-0.0.3.tgz",
      "integrity": "sha512-gJu7QRqn5c2vTSkYWGC4qz1i+FZ9C+Cz16UIBMRcjgXOsHfXeSIgaWUKeq/2rz1iNfFxvmF/ywqbfC6ggTpjkA=="
    }
  },
  "dependencies": {
    "@abaplint/cli": {
      "version": "2.93.47",
      "resolved": "https://registry.npmjs.org/@abaplint/cli/-/cli-2.93.47.tgz",
      "integrity": "sha512-0p9qFZV2kSIA8D8RN6Q3Zrd4Jqelhyi94aEwr8VKxx5frqcz41Q4BujyVXkP0rS61g1I1tagmc7OHU1ShgPknw=="
    },
    "@abaplint/runtime": {
      "version": "2.3.12",
      "resolved": "https://registry.npmjs.org/@abaplint/runtime/-/runtime-2.3.12.tgz",
      "integrity": "sha512-KKBnufBO40mnx8OFyBq/qTL8T4i8xIymn7981S8vpO00w1C/gAzZWZdk2rUbrHdNe1ToYgq5I+mC1piXgd/pcg==",
      "requires": {
        "temporal-polyfill": "^0.0.8"
      }
    },
    "@abaplint/transpiler-cli": {
      "version": "2.3.12",
      "resolved": "https://registry.npmjs.org/@abaplint/transpiler-cli/-/transpiler-cli-2.3.12.tgz",
      "integrity": "sha512-J2Gnd6uXJL778IrmWcvswDuruvhl5ZyrwhViXZ9O5JqkW/q8IIXtQ5hFAUutC7flugd+Ctnfwk/cp285ShtPhA=="
    },
    "temporal-polyfill": {
      "version": "0.0.8",
      "resolved": "https://registry.npmjs.org/temporal-polyfill/-/temporal-polyfill-0.0.8.tgz",
      "integrity": "sha512-IuA8GhS1PRC04H/zVNAIxJvCZQum6V5HjqFj7gz1a3SMUf/Kf1xIXILNYtxrWYnGqIU/RrDRxlCKCm/vmqnBvw==",
      "requires": {
        "temporal-spec": "0.0.3"
      }
    },
    "temporal-spec": {
      "version": "0.0.3",
      "resolved": "https://registry.npmjs.org/temporal-spec/-/temporal-spec-0.0.3.tgz",
      "integrity": "sha512-gJu7QRqn5c2vTSkYWGC4qz1i+FZ9C+Cz16UIBMRcjgXOsHfXeSIgaWUKeq/2rz1iNfFxvmF/ywqbfC6ggTpjkA=="
    }
  }
}
