{
  "name": "open-abap-ssh",
  "version": "1.0.0",
  "lockfileVersion": 2,
  "requires": true,
  "packages": {
    "": {
      "name": "open-abap-ssh",
      "version": "1.0.0",
      "license": "MIT",
      "dependencies": {
        "@abaplint/cli": "^2.93.51",
        "@abaplint/runtime": "^2.3.21",
        "@abaplint/transpiler-cli": "^2.3.21"
      }
    },
    "node_modules/@abaplint/cli": {
      "version": "2.93.51",
      "resolved": "https://registry.npmjs.org/@abaplint/cli/-/cli-2.93.51.tgz",
      "integrity": "sha512-O6acFT5iUkLl3L+XRklY4LwGkuGhL3xiUDQ73DCEqxmdnWxNBwkwx4T23/T4qJdYRMxv4xwp8Ay0euJdR3ayew==",
      "bin": {
        "abaplint": "abaplint"
      },
      "engines": {
        "node": ">=12.0.0"
      }
    },
    "node_modules/@abaplint/runtime": {
      "version": "2.3.21",
      "resolved": "https://registry.npmjs.org/@abaplint/runtime/-/runtime-2.3.21.tgz",
      "integrity": "sha512-4J+CmoWIRO2+LZokfYspgUyZEgyw/TU+EVR7vADfn0E3csciIZySF6Du2AG0vlUKk/bKLAALSlY3NpZh9ixC7Q==",
      "dependencies": {
        "temporal-polyfill": "^0.0.8"
      }
    },
    "node_modules/@abaplint/transpiler-cli": {
      "version": "2.3.21",
      "resolved": "https://registry.npmjs.org/@abaplint/transpiler-cli/-/transpiler-cli-2.3.21.tgz",
      "integrity": "sha512-dTrN36WtYvLeCWqAxUh4piuk/joKYQ0L41Ac5iwtb7tm6azpO2agJxFzuVyS7jGlUXASZsD2XlYiP0AagE2MBQ==",
      "bin": {
        "abap_transpile": "abap_transpile"
      }
    },
    "node_modules/temporal-polyfill": {
      "version": "0.0.8",
      "resolved": "https://registry.npmjs.org/temporal-polyfill/-/temporal-polyfill-0.0.8.tgz",
      "integrity": "sha512-IuA8GhS1PRC04H/zVNAIxJvCZQum6V5HjqFj7gz1a3SMUf/Kf1xIXILNYtxrWYnGqIU/RrDRxlCKCm/vmqnBvw==",
      "dependencies": {
        "temporal-spec": "0.0.3"
      }
    },
    "node_modules/temporal-spec": {
      "version": "0.0.3",
      "resolved": "https://registry.npmjs.org/temporal-spec/-/temporal-spec-0.0.3.tgz",
      "integrity": "sha512-gJu7QRqn5c2vTSkYWGC4qz1i+FZ9C+Cz16UIBMRcjgXOsHfXeSIgaWUKeq/2rz1iNfFxvmF/ywqbfC6ggTpjkA=="
    }
  },
  "dependencies": {
    "@abaplint/cli": {
      "version": "2.93.51",
      "resolved": "https://registry.npmjs.org/@abaplint/cli/-/cli-2.93.51.tgz",
      "integrity": "sha512-O6acFT5iUkLl3L+XRklY4LwGkuGhL3xiUDQ73DCEqxmdnWxNBwkwx4T23/T4qJdYRMxv4xwp8Ay0euJdR3ayew=="
    },
    "@abaplint/runtime": {
      "version": "2.3.21",
      "resolved": "https://registry.npmjs.org/@abaplint/runtime/-/runtime-2.3.21.tgz",
      "integrity": "sha512-4J+CmoWIRO2+LZokfYspgUyZEgyw/TU+EVR7vADfn0E3csciIZySF6Du2AG0vlUKk/bKLAALSlY3NpZh9ixC7Q==",
      "requires": {
        "temporal-polyfill": "^0.0.8"
      }
    },
    "@abaplint/transpiler-cli": {
      "version": "2.3.21",
      "resolved": "https://registry.npmjs.org/@abaplint/transpiler-cli/-/transpiler-cli-2.3.21.tgz",
      "integrity": "sha512-dTrN36WtYvLeCWqAxUh4piuk/joKYQ0L41Ac5iwtb7tm6azpO2agJxFzuVyS7jGlUXASZsD2XlYiP0AagE2MBQ=="
    },
    "temporal-polyfill": {
      "version": "0.0.8",
      "resolved": "https://registry.npmjs.org/temporal-polyfill/-/temporal-polyfill-0.0.8.tgz",
      "integrity": "sha512-IuA8GhS1PRC04H/zVNAIxJvCZQum6V5HjqFj7gz1a3SMUf/Kf1xIXILNYtxrWYnGqIU/RrDRxlCKCm/vmqnBvw==",
      "requires": {
        "temporal-spec": "0.0.3"
      }
    },
    "temporal-spec": {
      "version": "0.0.3",
      "resolved": "https://registry.npmjs.org/temporal-spec/-/temporal-spec-0.0.3.tgz",
      "integrity": "sha512-gJu7QRqn5c2vTSkYWGC4qz1i+FZ9C+Cz16UIBMRcjgXOsHfXeSIgaWUKeq/2rz1iNfFxvmF/ywqbfC6ggTpjkA=="
    }
  }
}
